// !$*UTF8*$!
{
	archiveVersion = 1;
	classes = {
	};
	objectVersion = 52;
	objects = {

/* Begin PBXBuildFile section */
		CA05701226204C0000DE9043 /* AppDelegate.swift in Sources */ = {isa = PBXBuildFile; fileRef = CA05701126204C0000DE9043 /* AppDelegate.swift */; };
		CA05701426204C0000DE9043 /* SceneDelegate.swift in Sources */ = {isa = PBXBuildFile; fileRef = CA05701326204C0000DE9043 /* SceneDelegate.swift */; };
		CA05701C26204C0000DE9043 /* Pokemon.xcdatamodeld in Sources */ = {isa = PBXBuildFile; fileRef = CA05701A26204C0000DE9043 /* Pokemon.xcdatamodeld */; };
		CA05701E26204C0200DE9043 /* Assets.xcassets in Resources */ = {isa = PBXBuildFile; fileRef = CA05701D26204C0200DE9043 /* Assets.xcassets */; };
		CA05702126204C0200DE9043 /* LaunchScreen.storyboard in Resources */ = {isa = PBXBuildFile; fileRef = CA05701F26204C0200DE9043 /* LaunchScreen.storyboard */; };
		CA05703726204C0200DE9043 /* PokemonUITests.swift in Sources */ = {isa = PBXBuildFile; fileRef = CA05703626204C0200DE9043 /* PokemonUITests.swift */; };
		CA05704C26204E3900DE9043 /* DataManager.swift in Sources */ = {isa = PBXBuildFile; fileRef = CA05704B26204E3900DE9043 /* DataManager.swift */; };
		CA05705426204E6200DE9043 /* ErrorModel.swift in Sources */ = {isa = PBXBuildFile; fileRef = CA05705326204E6200DE9043 /* ErrorModel.swift */; };
		CA05705A26204E8200DE9043 /* CodingUserInfoKey.swift in Sources */ = {isa = PBXBuildFile; fileRef = CA05705926204E8200DE9043 /* CodingUserInfoKey.swift */; };
		CA0570662620504200DE9043 /* PokemonListViewController.swift in Sources */ = {isa = PBXBuildFile; fileRef = CA0570652620504200DE9043 /* PokemonListViewController.swift */; };
		CA05706B262050A000DE9043 /* DetailViewController.swift in Sources */ = {isa = PBXBuildFile; fileRef = CA05706A262050A000DE9043 /* DetailViewController.swift */; };
		CA057070262050F900DE9043 /* PokemonListViewModel.swift in Sources */ = {isa = PBXBuildFile; fileRef = CA05706F262050F900DE9043 /* PokemonListViewModel.swift */; };
		CA0570752620519800DE9043 /* DetailViewModel.swift in Sources */ = {isa = PBXBuildFile; fileRef = CA0570742620519800DE9043 /* DetailViewModel.swift */; };
		CA05707B2620549700DE9043 /* SDWebImage in Frameworks */ = {isa = PBXBuildFile; productRef = CA05707A2620549700DE9043 /* SDWebImage */; };
		CA057081262054B000DE9043 /* NetworkLibrary in Frameworks */ = {isa = PBXBuildFile; productRef = CA057080262054B000DE9043 /* NetworkLibrary */; };
		CA0570872620552300DE9043 /* PokemonList.swift in Sources */ = {isa = PBXBuildFile; fileRef = CA0570862620552300DE9043 /* PokemonList.swift */; };
		CA0570902620556000DE9043 /* FlowRoutingService.swift in Sources */ = {isa = PBXBuildFile; fileRef = CA05708F2620556000DE9043 /* FlowRoutingService.swift */; };
		CA05709A2620561200DE9043 /* FlowRunner.swift in Sources */ = {isa = PBXBuildFile; fileRef = CA0570992620561200DE9043 /* FlowRunner.swift */; };
		CA0570B02620572C00DE9043 /* PokemonListViewModelTests.swift in Sources */ = {isa = PBXBuildFile; fileRef = CA0570AF2620572C00DE9043 /* PokemonListViewModelTests.swift */; };
		CA0570CD2620580A00DE9043 /* SearchFlow.swift in Sources */ = {isa = PBXBuildFile; fileRef = CA0570CC2620580A00DE9043 /* SearchFlow.swift */; };
		CA0570D22620586C00DE9043 /* SearchFlowScreenFactoryProtocol.swift in Sources */ = {isa = PBXBuildFile; fileRef = CA0570D12620586C00DE9043 /* SearchFlowScreenFactoryProtocol.swift */; };
		CA0570D7262058A200DE9043 /* ScreenFactory.swift in Sources */ = {isa = PBXBuildFile; fileRef = CA0570D6262058A200DE9043 /* ScreenFactory.swift */; };
		CA0570DE2620596400DE9043 /* SearchInteractor.swift in Sources */ = {isa = PBXBuildFile; fileRef = CA0570DD2620596400DE9043 /* SearchInteractor.swift */; };
		CA0570E7262059A100DE9043 /* SearchRepository.swift in Sources */ = {isa = PBXBuildFile; fileRef = CA0570E6262059A100DE9043 /* SearchRepository.swift */; };
		CA0570F026205A2500DE9043 /* SearchAPIService.swift in Sources */ = {isa = PBXBuildFile; fileRef = CA0570EF26205A2500DE9043 /* SearchAPIService.swift */; };
		CA0570F526205A8100DE9043 /* APIResponse.swift in Sources */ = {isa = PBXBuildFile; fileRef = CA0570F426205A8100DE9043 /* APIResponse.swift */; };
		CA0570FB26205B6200DE9043 /* SearchStorageService.swift in Sources */ = {isa = PBXBuildFile; fileRef = CA0570FA26205B6200DE9043 /* SearchStorageService.swift */; };
		CA05710326205BFF00DE9043 /* PokemonDetail.swift in Sources */ = {isa = PBXBuildFile; fileRef = CA05710226205BFF00DE9043 /* PokemonDetail.swift */; };
		CA057108262065BD00DE9043 /* DBPokemonDetail.swift in Sources */ = {isa = PBXBuildFile; fileRef = CA057107262065BD00DE9043 /* DBPokemonDetail.swift */; };
		CA05710D262068D600DE9043 /* Constants.swift in Sources */ = {isa = PBXBuildFile; fileRef = CA05710C262068D600DE9043 /* Constants.swift */; };
		CA0571192620842100DE9043 /* DataManagerTests.swift in Sources */ = {isa = PBXBuildFile; fileRef = CA0571182620842100DE9043 /* DataManagerTests.swift */; };
		CA057122262084B200DE9043 /* JSONStrings.swift in Sources */ = {isa = PBXBuildFile; fileRef = CA057121262084B200DE9043 /* JSONStrings.swift */; };
		CA05712A262084D600DE9043 /* Objects.swift in Sources */ = {isa = PBXBuildFile; fileRef = CA057129262084D600DE9043 /* Objects.swift */; };
		CA0571302620866F00DE9043 /* SearchInteractorTests.swift in Sources */ = {isa = PBXBuildFile; fileRef = CA05712F2620866F00DE9043 /* SearchInteractorTests.swift */; };
		CA057139262086A000DE9043 /* SearchFlowTests.swift in Sources */ = {isa = PBXBuildFile; fileRef = CA0571382620869F00DE9043 /* SearchFlowTests.swift */; };
		CA057142262086CF00DE9043 /* SearchFlowMock.swift in Sources */ = {isa = PBXBuildFile; fileRef = CA057141262086CF00DE9043 /* SearchFlowMock.swift */; };
		CA05714A262086E200DE9043 /* SearchApiServiceMock.swift in Sources */ = {isa = PBXBuildFile; fileRef = CA057149262086E200DE9043 /* SearchApiServiceMock.swift */; };
		CA05714F262086FB00DE9043 /* SearchFlowScreenFactoryMock.swift in Sources */ = {isa = PBXBuildFile; fileRef = CA05714E262086FB00DE9043 /* SearchFlowScreenFactoryMock.swift */; };
		CA0571542620871100DE9043 /* FlowRoutingServiceMock.swift in Sources */ = {isa = PBXBuildFile; fileRef = CA0571532620871100DE9043 /* FlowRoutingServiceMock.swift */; };
		CA0571592620872A00DE9043 /* FlowRunnerMock.swift in Sources */ = {isa = PBXBuildFile; fileRef = CA0571582620872A00DE9043 /* FlowRunnerMock.swift */; };
		CA05715E2620873C00DE9043 /* SearchInteractorMock.swift in Sources */ = {isa = PBXBuildFile; fileRef = CA05715D2620873C00DE9043 /* SearchInteractorMock.swift */; };
		CA05716326208A3A00DE9043 /* SearchStorageServiceMock.swift in Sources */ = {isa = PBXBuildFile; fileRef = CA05716226208A3A00DE9043 /* SearchStorageServiceMock.swift */; };
		CA05716926208EA000DE9043 /* PokemonDetailTests.swift in Sources */ = {isa = PBXBuildFile; fileRef = CA05716826208EA000DE9043 /* PokemonDetailTests.swift */; };
		CA05717126208F0600DE9043 /* PokemonListTests.swift in Sources */ = {isa = PBXBuildFile; fileRef = CA05717026208F0600DE9043 /* PokemonListTests.swift */; };
/* End PBXBuildFile section */

/* Begin PBXContainerItemProxy section */
		CA05702826204C0200DE9043 /* PBXContainerItemProxy */ = {
			isa = PBXContainerItemProxy;
			containerPortal = CA05700626204C0000DE9043 /* Project object */;
			proxyType = 1;
			remoteGlobalIDString = CA05700D26204C0000DE9043;
			remoteInfo = Pokemon;
		};
		CA05703326204C0200DE9043 /* PBXContainerItemProxy */ = {
			isa = PBXContainerItemProxy;
			containerPortal = CA05700626204C0000DE9043 /* Project object */;
			proxyType = 1;
			remoteGlobalIDString = CA05700D26204C0000DE9043;
			remoteInfo = Pokemon;
		};
/* End PBXContainerItemProxy section */

/* Begin PBXFileReference section */
		CA05700E26204C0000DE9043 /* Pokemon.app */ = {isa = PBXFileReference; explicitFileType = wrapper.application; includeInIndex = 0; path = Pokemon.app; sourceTree = BUILT_PRODUCTS_DIR; };
		CA05701126204C0000DE9043 /* AppDelegate.swift */ = {isa = PBXFileReference; lastKnownFileType = sourcecode.swift; path = AppDelegate.swift; sourceTree = "<group>"; };
		CA05701326204C0000DE9043 /* SceneDelegate.swift */ = {isa = PBXFileReference; lastKnownFileType = sourcecode.swift; path = SceneDelegate.swift; sourceTree = "<group>"; };
		CA05701B26204C0000DE9043 /* Pokemon.xcdatamodel */ = {isa = PBXFileReference; lastKnownFileType = wrapper.xcdatamodel; path = Pokemon.xcdatamodel; sourceTree = "<group>"; };
		CA05701D26204C0200DE9043 /* Assets.xcassets */ = {isa = PBXFileReference; lastKnownFileType = folder.assetcatalog; path = Assets.xcassets; sourceTree = "<group>"; };
		CA05702026204C0200DE9043 /* Base */ = {isa = PBXFileReference; lastKnownFileType = file.storyboard; name = Base; path = Base.lproj/LaunchScreen.storyboard; sourceTree = "<group>"; };
		CA05702226204C0200DE9043 /* Info.plist */ = {isa = PBXFileReference; lastKnownFileType = text.plist.xml; path = Info.plist; sourceTree = "<group>"; };
		CA05702726204C0200DE9043 /* PokemonTests.xctest */ = {isa = PBXFileReference; explicitFileType = wrapper.cfbundle; includeInIndex = 0; path = PokemonTests.xctest; sourceTree = BUILT_PRODUCTS_DIR; };
		CA05702D26204C0200DE9043 /* Info.plist */ = {isa = PBXFileReference; lastKnownFileType = text.plist.xml; path = Info.plist; sourceTree = "<group>"; };
		CA05703226204C0200DE9043 /* PokemonUITests.xctest */ = {isa = PBXFileReference; explicitFileType = wrapper.cfbundle; includeInIndex = 0; path = PokemonUITests.xctest; sourceTree = BUILT_PRODUCTS_DIR; };
		CA05703626204C0200DE9043 /* PokemonUITests.swift */ = {isa = PBXFileReference; lastKnownFileType = sourcecode.swift; path = PokemonUITests.swift; sourceTree = "<group>"; };
		CA05703826204C0200DE9043 /* Info.plist */ = {isa = PBXFileReference; lastKnownFileType = text.plist.xml; path = Info.plist; sourceTree = "<group>"; };
		CA05704B26204E3900DE9043 /* DataManager.swift */ = {isa = PBXFileReference; lastKnownFileType = sourcecode.swift; path = DataManager.swift; sourceTree = "<group>"; };
		CA05705326204E6200DE9043 /* ErrorModel.swift */ = {isa = PBXFileReference; lastKnownFileType = sourcecode.swift; path = ErrorModel.swift; sourceTree = "<group>"; };
		CA05705926204E8200DE9043 /* CodingUserInfoKey.swift */ = {isa = PBXFileReference; lastKnownFileType = sourcecode.swift; path = CodingUserInfoKey.swift; sourceTree = "<group>"; };
		CA0570652620504200DE9043 /* PokemonListViewController.swift */ = {isa = PBXFileReference; lastKnownFileType = sourcecode.swift; path = PokemonListViewController.swift; sourceTree = "<group>"; };
		CA05706A262050A000DE9043 /* DetailViewController.swift */ = {isa = PBXFileReference; lastKnownFileType = sourcecode.swift; path = DetailViewController.swift; sourceTree = "<group>"; };
		CA05706F262050F900DE9043 /* PokemonListViewModel.swift */ = {isa = PBXFileReference; lastKnownFileType = sourcecode.swift; path = PokemonListViewModel.swift; sourceTree = "<group>"; };
		CA0570742620519800DE9043 /* DetailViewModel.swift */ = {isa = PBXFileReference; lastKnownFileType = sourcecode.swift; path = DetailViewModel.swift; sourceTree = "<group>"; };
		CA0570862620552300DE9043 /* PokemonList.swift */ = {isa = PBXFileReference; lastKnownFileType = sourcecode.swift; path = PokemonList.swift; sourceTree = "<group>"; };
		CA05708F2620556000DE9043 /* FlowRoutingService.swift */ = {isa = PBXFileReference; lastKnownFileType = sourcecode.swift; path = FlowRoutingService.swift; sourceTree = "<group>"; };
		CA0570992620561200DE9043 /* FlowRunner.swift */ = {isa = PBXFileReference; lastKnownFileType = sourcecode.swift; path = FlowRunner.swift; sourceTree = "<group>"; };
		CA0570AF2620572C00DE9043 /* PokemonListViewModelTests.swift */ = {isa = PBXFileReference; lastKnownFileType = sourcecode.swift; path = PokemonListViewModelTests.swift; sourceTree = "<group>"; };
		CA0570CC2620580A00DE9043 /* SearchFlow.swift */ = {isa = PBXFileReference; lastKnownFileType = sourcecode.swift; path = SearchFlow.swift; sourceTree = "<group>"; };
		CA0570D12620586C00DE9043 /* SearchFlowScreenFactoryProtocol.swift */ = {isa = PBXFileReference; lastKnownFileType = sourcecode.swift; path = SearchFlowScreenFactoryProtocol.swift; sourceTree = "<group>"; };
		CA0570D6262058A200DE9043 /* ScreenFactory.swift */ = {isa = PBXFileReference; lastKnownFileType = sourcecode.swift; path = ScreenFactory.swift; sourceTree = "<group>"; };
		CA0570DD2620596400DE9043 /* SearchInteractor.swift */ = {isa = PBXFileReference; lastKnownFileType = sourcecode.swift; path = SearchInteractor.swift; sourceTree = "<group>"; };
		CA0570E6262059A100DE9043 /* SearchRepository.swift */ = {isa = PBXFileReference; lastKnownFileType = sourcecode.swift; path = SearchRepository.swift; sourceTree = "<group>"; };
		CA0570EF26205A2500DE9043 /* SearchAPIService.swift */ = {isa = PBXFileReference; lastKnownFileType = sourcecode.swift; path = SearchAPIService.swift; sourceTree = "<group>"; };
		CA0570F426205A8100DE9043 /* APIResponse.swift */ = {isa = PBXFileReference; lastKnownFileType = sourcecode.swift; path = APIResponse.swift; sourceTree = "<group>"; };
		CA0570FA26205B6200DE9043 /* SearchStorageService.swift */ = {isa = PBXFileReference; lastKnownFileType = sourcecode.swift; path = SearchStorageService.swift; sourceTree = "<group>"; };
		CA05710226205BFF00DE9043 /* PokemonDetail.swift */ = {isa = PBXFileReference; lastKnownFileType = sourcecode.swift; path = PokemonDetail.swift; sourceTree = "<group>"; };
		CA057107262065BD00DE9043 /* DBPokemonDetail.swift */ = {isa = PBXFileReference; lastKnownFileType = sourcecode.swift; path = DBPokemonDetail.swift; sourceTree = "<group>"; };
		CA05710C262068D600DE9043 /* Constants.swift */ = {isa = PBXFileReference; lastKnownFileType = sourcecode.swift; path = Constants.swift; sourceTree = "<group>"; };
		CA0571182620842100DE9043 /* DataManagerTests.swift */ = {isa = PBXFileReference; lastKnownFileType = sourcecode.swift; path = DataManagerTests.swift; sourceTree = "<group>"; };
		CA057121262084B200DE9043 /* JSONStrings.swift */ = {isa = PBXFileReference; lastKnownFileType = sourcecode.swift; path = JSONStrings.swift; sourceTree = "<group>"; };
		CA057129262084D600DE9043 /* Objects.swift */ = {isa = PBXFileReference; lastKnownFileType = sourcecode.swift; path = Objects.swift; sourceTree = "<group>"; };
		CA05712F2620866F00DE9043 /* SearchInteractorTests.swift */ = {isa = PBXFileReference; lastKnownFileType = sourcecode.swift; path = SearchInteractorTests.swift; sourceTree = "<group>"; };
		CA0571382620869F00DE9043 /* SearchFlowTests.swift */ = {isa = PBXFileReference; lastKnownFileType = sourcecode.swift; path = SearchFlowTests.swift; sourceTree = "<group>"; };
		CA057141262086CF00DE9043 /* SearchFlowMock.swift */ = {isa = PBXFileReference; lastKnownFileType = sourcecode.swift; path = SearchFlowMock.swift; sourceTree = "<group>"; };
		CA057149262086E200DE9043 /* SearchApiServiceMock.swift */ = {isa = PBXFileReference; lastKnownFileType = sourcecode.swift; path = SearchApiServiceMock.swift; sourceTree = "<group>"; };
		CA05714E262086FB00DE9043 /* SearchFlowScreenFactoryMock.swift */ = {isa = PBXFileReference; lastKnownFileType = sourcecode.swift; path = SearchFlowScreenFactoryMock.swift; sourceTree = "<group>"; };
		CA0571532620871100DE9043 /* FlowRoutingServiceMock.swift */ = {isa = PBXFileReference; lastKnownFileType = sourcecode.swift; path = FlowRoutingServiceMock.swift; sourceTree = "<group>"; };
		CA0571582620872A00DE9043 /* FlowRunnerMock.swift */ = {isa = PBXFileReference; lastKnownFileType = sourcecode.swift; path = FlowRunnerMock.swift; sourceTree = "<group>"; };
		CA05715D2620873C00DE9043 /* SearchInteractorMock.swift */ = {isa = PBXFileReference; lastKnownFileType = sourcecode.swift; path = SearchInteractorMock.swift; sourceTree = "<group>"; };
		CA05716226208A3A00DE9043 /* SearchStorageServiceMock.swift */ = {isa = PBXFileReference; lastKnownFileType = sourcecode.swift; path = SearchStorageServiceMock.swift; sourceTree = "<group>"; };
		CA05716826208EA000DE9043 /* PokemonDetailTests.swift */ = {isa = PBXFileReference; lastKnownFileType = sourcecode.swift; path = PokemonDetailTests.swift; sourceTree = "<group>"; };
		CA05717026208F0600DE9043 /* PokemonListTests.swift */ = {isa = PBXFileReference; lastKnownFileType = sourcecode.swift; path = PokemonListTests.swift; sourceTree = "<group>"; };
/* End PBXFileReference section */

/* Begin PBXFrameworksBuildPhase section */
		CA05700B26204C0000DE9043 /* Frameworks */ = {
			isa = PBXFrameworksBuildPhase;
			buildActionMask = 2147483647;
			files = (
				CA05707B2620549700DE9043 /* SDWebImage in Frameworks */,
				CA057081262054B000DE9043 /* NetworkLibrary in Frameworks */,
			);
			runOnlyForDeploymentPostprocessing = 0;
		};
		CA05702426204C0200DE9043 /* Frameworks */ = {
			isa = PBXFrameworksBuildPhase;
			buildActionMask = 2147483647;
			files = (
			);
			runOnlyForDeploymentPostprocessing = 0;
		};
		CA05702F26204C0200DE9043 /* Frameworks */ = {
			isa = PBXFrameworksBuildPhase;
			buildActionMask = 2147483647;
			files = (
			);
			runOnlyForDeploymentPostprocessing = 0;
		};
/* End PBXFrameworksBuildPhase section */

/* Begin PBXGroup section */
		CA05700526204C0000DE9043 = {
			isa = PBXGroup;
			children = (
				CA05701026204C0000DE9043 /* Pokemon */,
				CA05702A26204C0200DE9043 /* PokemonTests */,
				CA05703526204C0200DE9043 /* PokemonUITests */,
				CA05700F26204C0000DE9043 /* Products */,
			);
			sourceTree = "<group>";
		};
		CA05700F26204C0000DE9043 /* Products */ = {
			isa = PBXGroup;
			children = (
				CA05700E26204C0000DE9043 /* Pokemon.app */,
				CA05702726204C0200DE9043 /* PokemonTests.xctest */,
				CA05703226204C0200DE9043 /* PokemonUITests.xctest */,
			);
			name = Products;
			sourceTree = "<group>";
		};
		CA05701026204C0000DE9043 /* Pokemon */ = {
			isa = PBXGroup;
			children = (
				CA05701126204C0000DE9043 /* AppDelegate.swift */,
				CA05701326204C0000DE9043 /* SceneDelegate.swift */,
				CA05710C262068D600DE9043 /* Constants.swift */,
				CA0570DB2620594B00DE9043 /* Data */,
				CA0570972620559400DE9043 /* Flows */,
				CA05708E2620554800DE9043 /* FlowRouting */,
				CA057085262054F200DE9043 /* Models */,
				CA05706126204EAD00DE9043 /* Interface */,
				CA05704A26204C7000DE9043 /* CoreData */,
				CA05701D26204C0200DE9043 /* Assets.xcassets */,
				CA05701F26204C0200DE9043 /* LaunchScreen.storyboard */,
				CA05702226204C0200DE9043 /* Info.plist */,
				CA05701A26204C0000DE9043 /* Pokemon.xcdatamodeld */,
			);
			path = Pokemon;
			sourceTree = "<group>";
		};
		CA05702A26204C0200DE9043 /* PokemonTests */ = {
			isa = PBXGroup;
			children = (
				CA05702D26204C0200DE9043 /* Info.plist */,
				CA05716726208E8C00DE9043 /* ObjectTests */,
				CA057140262086BE00DE9043 /* Mocks */,
				CA0571372620868800DE9043 /* Flows */,
				CA05712E2620865B00DE9043 /* Interactor */,
				CA057120262084A100DE9043 /* TestResources */,
				CA0571172620840600DE9043 /* DataManager */,
				CA0570AD262056DC00DE9043 /* ViewModel */,
			);
			path = PokemonTests;
			sourceTree = "<group>";
		};
		CA05703526204C0200DE9043 /* PokemonUITests */ = {
			isa = PBXGroup;
			children = (
				CA05703626204C0200DE9043 /* PokemonUITests.swift */,
				CA05703826204C0200DE9043 /* Info.plist */,
			);
			path = PokemonUITests;
			sourceTree = "<group>";
		};
		CA05704A26204C7000DE9043 /* CoreData */ = {
			isa = PBXGroup;
			children = (
				CA05704B26204E3900DE9043 /* DataManager.swift */,
				CA05705326204E6200DE9043 /* ErrorModel.swift */,
				CA05705826204E7000DE9043 /* Extensions */,
			);
			path = CoreData;
			sourceTree = "<group>";
		};
		CA05705826204E7000DE9043 /* Extensions */ = {
			isa = PBXGroup;
			children = (
				CA05705926204E8200DE9043 /* CodingUserInfoKey.swift */,
			);
			path = Extensions;
			sourceTree = "<group>";
		};
		CA05706126204EAD00DE9043 /* Interface */ = {
			isa = PBXGroup;
			children = (
				CA0570CB262057FB00DE9043 /* Flows */,
				CA05706226204EB500DE9043 /* Screens */,
			);
			path = Interface;
			sourceTree = "<group>";
		};
		CA05706226204EB500DE9043 /* Screens */ = {
			isa = PBXGroup;
			children = (
				CA05706426204EC200DE9043 /* Detail */,
				CA05706326204EBC00DE9043 /* Search */,
				CA0570D12620586C00DE9043 /* SearchFlowScreenFactoryProtocol.swift */,
				CA0570D6262058A200DE9043 /* ScreenFactory.swift */,
			);
			path = Screens;
			sourceTree = "<group>";
		};
		CA05706326204EBC00DE9043 /* Search */ = {
			isa = PBXGroup;
			children = (
				CA0570652620504200DE9043 /* PokemonListViewController.swift */,
				CA05706F262050F900DE9043 /* PokemonListViewModel.swift */,
			);
			path = Search;
			sourceTree = "<group>";
		};
		CA05706426204EC200DE9043 /* Detail */ = {
			isa = PBXGroup;
			children = (
				CA05706A262050A000DE9043 /* DetailViewController.swift */,
				CA0570742620519800DE9043 /* DetailViewModel.swift */,
			);
			path = Detail;
			sourceTree = "<group>";
		};
		CA057085262054F200DE9043 /* Models */ = {
			isa = PBXGroup;
			children = (
				CA0570862620552300DE9043 /* PokemonList.swift */,
				CA057107262065BD00DE9043 /* DBPokemonDetail.swift */,
				CA05710226205BFF00DE9043 /* PokemonDetail.swift */,
			);
			path = Models;
			sourceTree = "<group>";
		};
		CA05708E2620554800DE9043 /* FlowRouting */ = {
			isa = PBXGroup;
			children = (
				CA05708F2620556000DE9043 /* FlowRoutingService.swift */,
			);
			path = FlowRouting;
			sourceTree = "<group>";
		};
		CA0570972620559400DE9043 /* Flows */ = {
			isa = PBXGroup;
			children = (
				CA0570982620559A00DE9043 /* Runner */,
			);
			path = Flows;
			sourceTree = "<group>";
		};
		CA0570982620559A00DE9043 /* Runner */ = {
			isa = PBXGroup;
			children = (
				CA0570992620561200DE9043 /* FlowRunner.swift */,
			);
			path = Runner;
			sourceTree = "<group>";
		};
		CA0570AD262056DC00DE9043 /* ViewModel */ = {
			isa = PBXGroup;
			children = (
				CA0570AF2620572C00DE9043 /* PokemonListViewModelTests.swift */,
			);
			path = ViewModel;
			sourceTree = "<group>";
		};
		CA0570CB262057FB00DE9043 /* Flows */ = {
			isa = PBXGroup;
			children = (
				CA0570CC2620580A00DE9043 /* SearchFlow.swift */,
			);
			path = Flows;
			sourceTree = "<group>";
		};
		CA0570DB2620594B00DE9043 /* Data */ = {
			isa = PBXGroup;
			children = (
				CA0570F926205B4C00DE9043 /* StorageService */,
				CA0570EE26205A0B00DE9043 /* API */,
				CA0570E52620598C00DE9043 /* Repository */,
				CA0570DC2620595400DE9043 /* Interactors */,
			);
			path = Data;
			sourceTree = "<group>";
		};
		CA0570DC2620595400DE9043 /* Interactors */ = {
			isa = PBXGroup;
			children = (
				CA0570DD2620596400DE9043 /* SearchInteractor.swift */,
			);
			path = Interactors;
			sourceTree = "<group>";
		};
		CA0570E52620598C00DE9043 /* Repository */ = {
			isa = PBXGroup;
			children = (
				CA0570E6262059A100DE9043 /* SearchRepository.swift */,
			);
			path = Repository;
			sourceTree = "<group>";
		};
		CA0570EE26205A0B00DE9043 /* API */ = {
			isa = PBXGroup;
			children = (
				CA0570EF26205A2500DE9043 /* SearchAPIService.swift */,
				CA0570F426205A8100DE9043 /* APIResponse.swift */,
			);
			path = API;
			sourceTree = "<group>";
		};
		CA0570F926205B4C00DE9043 /* StorageService */ = {
			isa = PBXGroup;
			children = (
				CA0570FA26205B6200DE9043 /* SearchStorageService.swift */,
			);
			path = StorageService;
			sourceTree = "<group>";
		};
		CA0571172620840600DE9043 /* DataManager */ = {
			isa = PBXGroup;
			children = (
				CA0571182620842100DE9043 /* DataManagerTests.swift */,
			);
			path = DataManager;
			sourceTree = "<group>";
		};
		CA057120262084A100DE9043 /* TestResources */ = {
			isa = PBXGroup;
			children = (
				CA057121262084B200DE9043 /* JSONStrings.swift */,
				CA057129262084D600DE9043 /* Objects.swift */,
			);
			path = TestResources;
			sourceTree = "<group>";
		};
		CA05712E2620865B00DE9043 /* Interactor */ = {
			isa = PBXGroup;
			children = (
				CA05712F2620866F00DE9043 /* SearchInteractorTests.swift */,
			);
			path = Interactor;
			sourceTree = "<group>";
		};
		CA0571372620868800DE9043 /* Flows */ = {
			isa = PBXGroup;
			children = (
				CA0571382620869F00DE9043 /* SearchFlowTests.swift */,
			);
			path = Flows;
			sourceTree = "<group>";
		};
		CA057140262086BE00DE9043 /* Mocks */ = {
			isa = PBXGroup;
			children = (
				CA057141262086CF00DE9043 /* SearchFlowMock.swift */,
				CA05716226208A3A00DE9043 /* SearchStorageServiceMock.swift */,
				CA057149262086E200DE9043 /* SearchApiServiceMock.swift */,
				CA05714E262086FB00DE9043 /* SearchFlowScreenFactoryMock.swift */,
				CA0571532620871100DE9043 /* FlowRoutingServiceMock.swift */,
				CA0571582620872A00DE9043 /* FlowRunnerMock.swift */,
				CA05715D2620873C00DE9043 /* SearchInteractorMock.swift */,
			);
			path = Mocks;
			sourceTree = "<group>";
		};
		CA05716726208E8C00DE9043 /* ObjectTests */ = {
			isa = PBXGroup;
			children = (
				CA05716826208EA000DE9043 /* PokemonDetailTests.swift */,
				CA05717026208F0600DE9043 /* PokemonListTests.swift */,
			);
			name = ObjectTests;
			sourceTree = "<group>";
		};
/* End PBXGroup section */

/* Begin PBXNativeTarget section */
		CA05700D26204C0000DE9043 /* Pokemon */ = {
			isa = PBXNativeTarget;
			buildConfigurationList = CA05703B26204C0200DE9043 /* Build configuration list for PBXNativeTarget "Pokemon" */;
			buildPhases = (
				CA05700A26204C0000DE9043 /* Sources */,
				CA05700B26204C0000DE9043 /* Frameworks */,
				CA05700C26204C0000DE9043 /* Resources */,
			);
			buildRules = (
			);
			dependencies = (
			);
			name = Pokemon;
			packageProductDependencies = (
				CA05707A2620549700DE9043 /* SDWebImage */,
				CA057080262054B000DE9043 /* NetworkLibrary */,
			);
			productName = Pokemon;
			productReference = CA05700E26204C0000DE9043 /* Pokemon.app */;
			productType = "com.apple.product-type.application";
		};
		CA05702626204C0200DE9043 /* PokemonTests */ = {
			isa = PBXNativeTarget;
			buildConfigurationList = CA05703E26204C0200DE9043 /* Build configuration list for PBXNativeTarget "PokemonTests" */;
			buildPhases = (
				CA05702326204C0200DE9043 /* Sources */,
				CA05702426204C0200DE9043 /* Frameworks */,
				CA05702526204C0200DE9043 /* Resources */,
			);
			buildRules = (
			);
			dependencies = (
				CA05702926204C0200DE9043 /* PBXTargetDependency */,
			);
			name = PokemonTests;
			productName = PokemonTests;
			productReference = CA05702726204C0200DE9043 /* PokemonTests.xctest */;
			productType = "com.apple.product-type.bundle.unit-test";
		};
		CA05703126204C0200DE9043 /* PokemonUITests */ = {
			isa = PBXNativeTarget;
			buildConfigurationList = CA05704126204C0200DE9043 /* Build configuration list for PBXNativeTarget "PokemonUITests" */;
			buildPhases = (
				CA05702E26204C0200DE9043 /* Sources */,
				CA05702F26204C0200DE9043 /* Frameworks */,
				CA05703026204C0200DE9043 /* Resources */,
			);
			buildRules = (
			);
			dependencies = (
				CA05703426204C0200DE9043 /* PBXTargetDependency */,
			);
			name = PokemonUITests;
			productName = PokemonUITests;
			productReference = CA05703226204C0200DE9043 /* PokemonUITests.xctest */;
			productType = "com.apple.product-type.bundle.ui-testing";
		};
/* End PBXNativeTarget section */

/* Begin PBXProject section */
		CA05700626204C0000DE9043 /* Project object */ = {
			isa = PBXProject;
			attributes = {
				LastSwiftUpdateCheck = 1240;
				LastUpgradeCheck = 1240;
				TargetAttributes = {
					CA05700D26204C0000DE9043 = {
						CreatedOnToolsVersion = 12.4;
					};
					CA05702626204C0200DE9043 = {
						CreatedOnToolsVersion = 12.4;
						LastSwiftMigration = 1240;
						TestTargetID = CA05700D26204C0000DE9043;
					};
					CA05703126204C0200DE9043 = {
						CreatedOnToolsVersion = 12.4;
						TestTargetID = CA05700D26204C0000DE9043;
					};
				};
			};
			buildConfigurationList = CA05700926204C0000DE9043 /* Build configuration list for PBXProject "Pokemon" */;
			compatibilityVersion = "Xcode 9.3";
			developmentRegion = en;
			hasScannedForEncodings = 0;
			knownRegions = (
				en,
				Base,
			);
			mainGroup = CA05700526204C0000DE9043;
			packageReferences = (
				CA0570792620549700DE9043 /* XCRemoteSwiftPackageReference "SDWebImage" */,
				CA05707F262054B000DE9043 /* XCRemoteSwiftPackageReference "NetworkManager" */,
			);
			productRefGroup = CA05700F26204C0000DE9043 /* Products */;
			projectDirPath = "";
			projectRoot = "";
			targets = (
				CA05700D26204C0000DE9043 /* Pokemon */,
				CA05702626204C0200DE9043 /* PokemonTests */,
				CA05703126204C0200DE9043 /* PokemonUITests */,
			);
		};
/* End PBXProject section */

/* Begin PBXResourcesBuildPhase section */
		CA05700C26204C0000DE9043 /* Resources */ = {
			isa = PBXResourcesBuildPhase;
			buildActionMask = 2147483647;
			files = (
				CA05702126204C0200DE9043 /* LaunchScreen.storyboard in Resources */,
				CA05701E26204C0200DE9043 /* Assets.xcassets in Resources */,
			);
			runOnlyForDeploymentPostprocessing = 0;
		};
		CA05702526204C0200DE9043 /* Resources */ = {
			isa = PBXResourcesBuildPhase;
			buildActionMask = 2147483647;
			files = (
			);
			runOnlyForDeploymentPostprocessing = 0;
		};
		CA05703026204C0200DE9043 /* Resources */ = {
			isa = PBXResourcesBuildPhase;
			buildActionMask = 2147483647;
			files = (
			);
			runOnlyForDeploymentPostprocessing = 0;
		};
/* End PBXResourcesBuildPhase section */

/* Begin PBXSourcesBuildPhase section */
		CA05700A26204C0000DE9043 /* Sources */ = {
			isa = PBXSourcesBuildPhase;
			buildActionMask = 2147483647;
			files = (
				CA05710D262068D600DE9043 /* Constants.swift in Sources */,
				CA05710326205BFF00DE9043 /* PokemonDetail.swift in Sources */,
				CA05706B262050A000DE9043 /* DetailViewController.swift in Sources */,
				CA057108262065BD00DE9043 /* DBPokemonDetail.swift in Sources */,
				CA0570FB26205B6200DE9043 /* SearchStorageService.swift in Sources */,
				CA05705A26204E8200DE9043 /* CodingUserInfoKey.swift in Sources */,
				CA0570D7262058A200DE9043 /* ScreenFactory.swift in Sources */,
				CA05705426204E6200DE9043 /* ErrorModel.swift in Sources */,
				CA0570662620504200DE9043 /* PokemonListViewController.swift in Sources */,
				CA0570902620556000DE9043 /* FlowRoutingService.swift in Sources */,
				CA0570F026205A2500DE9043 /* SearchAPIService.swift in Sources */,
				CA05709A2620561200DE9043 /* FlowRunner.swift in Sources */,
				CA0570872620552300DE9043 /* PokemonList.swift in Sources */,
				CA0570D22620586C00DE9043 /* SearchFlowScreenFactoryProtocol.swift in Sources */,
				CA05704C26204E3900DE9043 /* DataManager.swift in Sources */,
				CA0570CD2620580A00DE9043 /* SearchFlow.swift in Sources */,
				CA0570DE2620596400DE9043 /* SearchInteractor.swift in Sources */,
				CA0570F526205A8100DE9043 /* APIResponse.swift in Sources */,
				CA057070262050F900DE9043 /* PokemonListViewModel.swift in Sources */,
				CA05701C26204C0000DE9043 /* Pokemon.xcdatamodeld in Sources */,
				CA05701226204C0000DE9043 /* AppDelegate.swift in Sources */,
				CA0570752620519800DE9043 /* DetailViewModel.swift in Sources */,
				CA05701426204C0000DE9043 /* SceneDelegate.swift in Sources */,
				CA0570E7262059A100DE9043 /* SearchRepository.swift in Sources */,
			);
			runOnlyForDeploymentPostprocessing = 0;
		};
		CA05702326204C0200DE9043 /* Sources */ = {
			isa = PBXSourcesBuildPhase;
			buildActionMask = 2147483647;
			files = (
				CA0571542620871100DE9043 /* FlowRoutingServiceMock.swift in Sources */,
				CA05714A262086E200DE9043 /* SearchApiServiceMock.swift in Sources */,
				CA0570B02620572C00DE9043 /* PokemonListViewModelTests.swift in Sources */,
				CA057139262086A000DE9043 /* SearchFlowTests.swift in Sources */,
				CA05715E2620873C00DE9043 /* SearchInteractorMock.swift in Sources */,
				CA057142262086CF00DE9043 /* SearchFlowMock.swift in Sources */,
				CA05716926208EA000DE9043 /* PokemonDetailTests.swift in Sources */,
				CA057122262084B200DE9043 /* JSONStrings.swift in Sources */,
				CA05717126208F0600DE9043 /* PokemonListTests.swift in Sources */,
				CA05712A262084D600DE9043 /* Objects.swift in Sources */,
				CA05716326208A3A00DE9043 /* SearchStorageServiceMock.swift in Sources */,
				CA05714F262086FB00DE9043 /* SearchFlowScreenFactoryMock.swift in Sources */,
				CA0571302620866F00DE9043 /* SearchInteractorTests.swift in Sources */,
				CA0571192620842100DE9043 /* DataManagerTests.swift in Sources */,
				CA0571592620872A00DE9043 /* FlowRunnerMock.swift in Sources */,
			);
			runOnlyForDeploymentPostprocessing = 0;
		};
		CA05702E26204C0200DE9043 /* Sources */ = {
			isa = PBXSourcesBuildPhase;
			buildActionMask = 2147483647;
			files = (
				CA05703726204C0200DE9043 /* PokemonUITests.swift in Sources */,
			);
			runOnlyForDeploymentPostprocessing = 0;
		};
/* End PBXSourcesBuildPhase section */

/* Begin PBXTargetDependency section */
		CA05702926204C0200DE9043 /* PBXTargetDependency */ = {
			isa = PBXTargetDependency;
			target = CA05700D26204C0000DE9043 /* Pokemon */;
			targetProxy = CA05702826204C0200DE9043 /* PBXContainerItemProxy */;
		};
		CA05703426204C0200DE9043 /* PBXTargetDependency */ = {
			isa = PBXTargetDependency;
			target = CA05700D26204C0000DE9043 /* Pokemon */;
			targetProxy = CA05703326204C0200DE9043 /* PBXContainerItemProxy */;
		};
/* End PBXTargetDependency section */

/* Begin PBXVariantGroup section */
		CA05701F26204C0200DE9043 /* LaunchScreen.storyboard */ = {
			isa = PBXVariantGroup;
			children = (
				CA05702026204C0200DE9043 /* Base */,
			);
			name = LaunchScreen.storyboard;
			sourceTree = "<group>";
		};
/* End PBXVariantGroup section */

/* Begin XCBuildConfiguration section */
		CA05703926204C0200DE9043 /* Debug */ = {
			isa = XCBuildConfiguration;
			buildSettings = {
				ALWAYS_SEARCH_USER_PATHS = NO;
				CLANG_ANALYZER_NONNULL = YES;
				CLANG_ANALYZER_NUMBER_OBJECT_CONVERSION = YES_AGGRESSIVE;
				CLANG_CXX_LANGUAGE_STANDARD = "gnu++14";
				CLANG_CXX_LIBRARY = "libc++";
				CLANG_ENABLE_MODULES = YES;
				CLANG_ENABLE_OBJC_ARC = YES;
				CLANG_ENABLE_OBJC_WEAK = YES;
				CLANG_WARN_BLOCK_CAPTURE_AUTORELEASING = YES;
				CLANG_WARN_BOOL_CONVERSION = YES;
				CLANG_WARN_COMMA = YES;
				CLANG_WARN_CONSTANT_CONVERSION = YES;
				CLANG_WARN_DEPRECATED_OBJC_IMPLEMENTATIONS = YES;
				CLANG_WARN_DIRECT_OBJC_ISA_USAGE = YES_ERROR;
				CLANG_WARN_DOCUMENTATION_COMMENTS = YES;
				CLANG_WARN_EMPTY_BODY = YES;
				CLANG_WARN_ENUM_CONVERSION = YES;
				CLANG_WARN_INFINITE_RECURSION = YES;
				CLANG_WARN_INT_CONVERSION = YES;
				CLANG_WARN_NON_LITERAL_NULL_CONVERSION = YES;
				CLANG_WARN_OBJC_IMPLICIT_RETAIN_SELF = YES;
				CLANG_WARN_OBJC_LITERAL_CONVERSION = YES;
				CLANG_WARN_OBJC_ROOT_CLASS = YES_ERROR;
				CLANG_WARN_QUOTED_INCLUDE_IN_FRAMEWORK_HEADER = YES;
				CLANG_WARN_RANGE_LOOP_ANALYSIS = YES;
				CLANG_WARN_STRICT_PROTOTYPES = YES;
				CLANG_WARN_SUSPICIOUS_MOVE = YES;
				CLANG_WARN_UNGUARDED_AVAILABILITY = YES_AGGRESSIVE;
				CLANG_WARN_UNREACHABLE_CODE = YES;
				CLANG_WARN__DUPLICATE_METHOD_MATCH = YES;
				COPY_PHASE_STRIP = NO;
				DEBUG_INFORMATION_FORMAT = dwarf;
				ENABLE_STRICT_OBJC_MSGSEND = YES;
				ENABLE_TESTABILITY = YES;
				GCC_C_LANGUAGE_STANDARD = gnu11;
				GCC_DYNAMIC_NO_PIC = NO;
				GCC_NO_COMMON_BLOCKS = YES;
				GCC_OPTIMIZATION_LEVEL = 0;
				GCC_PREPROCESSOR_DEFINITIONS = (
					"DEBUG=1",
					"$(inherited)",
				);
				GCC_WARN_64_TO_32_BIT_CONVERSION = YES;
				GCC_WARN_ABOUT_RETURN_TYPE = YES_ERROR;
				GCC_WARN_UNDECLARED_SELECTOR = YES;
				GCC_WARN_UNINITIALIZED_AUTOS = YES_AGGRESSIVE;
				GCC_WARN_UNUSED_FUNCTION = YES;
				GCC_WARN_UNUSED_VARIABLE = YES;
				IPHONEOS_DEPLOYMENT_TARGET = 14.4;
				MTL_ENABLE_DEBUG_INFO = INCLUDE_SOURCE;
				MTL_FAST_MATH = YES;
				ONLY_ACTIVE_ARCH = YES;
				SDKROOT = iphoneos;
				SWIFT_ACTIVE_COMPILATION_CONDITIONS = DEBUG;
				SWIFT_OPTIMIZATION_LEVEL = "-Onone";
			};
			name = Debug;
		};
		CA05703A26204C0200DE9043 /* Release */ = {
			isa = XCBuildConfiguration;
			buildSettings = {
				ALWAYS_SEARCH_USER_PATHS = NO;
				CLANG_ANALYZER_NONNULL = YES;
				CLANG_ANALYZER_NUMBER_OBJECT_CONVERSION = YES_AGGRESSIVE;
				CLANG_CXX_LANGUAGE_STANDARD = "gnu++14";
				CLANG_CXX_LIBRARY = "libc++";
				CLANG_ENABLE_MODULES = YES;
				CLANG_ENABLE_OBJC_ARC = YES;
				CLANG_ENABLE_OBJC_WEAK = YES;
				CLANG_WARN_BLOCK_CAPTURE_AUTORELEASING = YES;
				CLANG_WARN_BOOL_CONVERSION = YES;
				CLANG_WARN_COMMA = YES;
				CLANG_WARN_CONSTANT_CONVERSION = YES;
				CLANG_WARN_DEPRECATED_OBJC_IMPLEMENTATIONS = YES;
				CLANG_WARN_DIRECT_OBJC_ISA_USAGE = YES_ERROR;
				CLANG_WARN_DOCUMENTATION_COMMENTS = YES;
				CLANG_WARN_EMPTY_BODY = YES;
				CLANG_WARN_ENUM_CONVERSION = YES;
				CLANG_WARN_INFINITE_RECURSION = YES;
				CLANG_WARN_INT_CONVERSION = YES;
				CLANG_WARN_NON_LITERAL_NULL_CONVERSION = YES;
				CLANG_WARN_OBJC_IMPLICIT_RETAIN_SELF = YES;
				CLANG_WARN_OBJC_LITERAL_CONVERSION = YES;
				CLANG_WARN_OBJC_ROOT_CLASS = YES_ERROR;
				CLANG_WARN_QUOTED_INCLUDE_IN_FRAMEWORK_HEADER = YES;
				CLANG_WARN_RANGE_LOOP_ANALYSIS = YES;
				CLANG_WARN_STRICT_PROTOTYPES = YES;
				CLANG_WARN_SUSPICIOUS_MOVE = YES;
				CLANG_WARN_UNGUARDED_AVAILABILITY = YES_AGGRESSIVE;
				CLANG_WARN_UNREACHABLE_CODE = YES;
				CLANG_WARN__DUPLICATE_METHOD_MATCH = YES;
				COPY_PHASE_STRIP = NO;
				DEBUG_INFORMATION_FORMAT = "dwarf-with-dsym";
				ENABLE_NS_ASSERTIONS = NO;
				ENABLE_STRICT_OBJC_MSGSEND = YES;
				GCC_C_LANGUAGE_STANDARD = gnu11;
				GCC_NO_COMMON_BLOCKS = YES;
				GCC_WARN_64_TO_32_BIT_CONVERSION = YES;
				GCC_WARN_ABOUT_RETURN_TYPE = YES_ERROR;
				GCC_WARN_UNDECLARED_SELECTOR = YES;
				GCC_WARN_UNINITIALIZED_AUTOS = YES_AGGRESSIVE;
				GCC_WARN_UNUSED_FUNCTION = YES;
				GCC_WARN_UNUSED_VARIABLE = YES;
				IPHONEOS_DEPLOYMENT_TARGET = 14.4;
				MTL_ENABLE_DEBUG_INFO = NO;
				MTL_FAST_MATH = YES;
				SDKROOT = iphoneos;
				SWIFT_COMPILATION_MODE = wholemodule;
				SWIFT_OPTIMIZATION_LEVEL = "-O";
				VALIDATE_PRODUCT = YES;
			};
			name = Release;
		};
		CA05703C26204C0200DE9043 /* Debug */ = {
			isa = XCBuildConfiguration;
			buildSettings = {
				ASSETCATALOG_COMPILER_APPICON_NAME = AppIcon;
				ASSETCATALOG_COMPILER_GLOBAL_ACCENT_COLOR_NAME = AccentColor;
				CODE_SIGN_STYLE = Automatic;
				DEVELOPMENT_TEAM = UW69ZFFDZJ;
				INFOPLIST_FILE = Pokemon/Info.plist;
				LD_RUNPATH_SEARCH_PATHS = (
					"$(inherited)",
					"@executable_path/Frameworks",
				);
				PRODUCT_BUNDLE_IDENTIFIER = com.studeapps.Pokemon;
				PRODUCT_NAME = "$(TARGET_NAME)";
				SWIFT_VERSION = 5.0;
				TARGETED_DEVICE_FAMILY = 1;
			};
			name = Debug;
		};
		CA05703D26204C0200DE9043 /* Release */ = {
			isa = XCBuildConfiguration;
			buildSettings = {
				ASSETCATALOG_COMPILER_APPICON_NAME = AppIcon;
				ASSETCATALOG_COMPILER_GLOBAL_ACCENT_COLOR_NAME = AccentColor;
				CODE_SIGN_STYLE = Automatic;
				DEVELOPMENT_TEAM = UW69ZFFDZJ;
				INFOPLIST_FILE = Pokemon/Info.plist;
				LD_RUNPATH_SEARCH_PATHS = (
					"$(inherited)",
					"@executable_path/Frameworks",
				);
				PRODUCT_BUNDLE_IDENTIFIER = com.studeapps.Pokemon;
				PRODUCT_NAME = "$(TARGET_NAME)";
				SWIFT_VERSION = 5.0;
				TARGETED_DEVICE_FAMILY = 1;
			};
			name = Release;
		};
		CA05703F26204C0200DE9043 /* Debug */ = {
			isa = XCBuildConfiguration;
			buildSettings = {
				ALWAYS_EMBED_SWIFT_STANDARD_LIBRARIES = YES;
				BUNDLE_LOADER = "$(TEST_HOST)";
				CLANG_ENABLE_MODULES = YES;
				CODE_SIGN_STYLE = Automatic;
				DEVELOPMENT_TEAM = UW69ZFFDZJ;
				INFOPLIST_FILE = PokemonTests/Info.plist;
				IPHONEOS_DEPLOYMENT_TARGET = 14.4;
				LD_RUNPATH_SEARCH_PATHS = (
					"$(inherited)",
					"@executable_path/Frameworks",
					"@loader_path/Frameworks",
				);
				PRODUCT_BUNDLE_IDENTIFIER = com.studeapps.PokemonTests;
				PRODUCT_NAME = "$(TARGET_NAME)";
				SWIFT_OBJC_BRIDGING_HEADER = "";
				SWIFT_OPTIMIZATION_LEVEL = "-Onone";
				SWIFT_VERSION = 5.0;
				TARGETED_DEVICE_FAMILY = "1,2";
				TEST_HOST = "$(BUILT_PRODUCTS_DIR)/Pokemon.app/Pokemon";
			};
			name = Debug;
		};
		CA05704026204C0200DE9043 /* Release */ = {
			isa = XCBuildConfiguration;
			buildSettings = {
				ALWAYS_EMBED_SWIFT_STANDARD_LIBRARIES = YES;
				BUNDLE_LOADER = "$(TEST_HOST)";
				CLANG_ENABLE_MODULES = YES;
				CODE_SIGN_STYLE = Automatic;
				DEVELOPMENT_TEAM = UW69ZFFDZJ;
				INFOPLIST_FILE = PokemonTests/Info.plist;
				IPHONEOS_DEPLOYMENT_TARGET = 14.4;
				LD_RUNPATH_SEARCH_PATHS = (
					"$(inherited)",
					"@executable_path/Frameworks",
					"@loader_path/Frameworks",
				);
				PRODUCT_BUNDLE_IDENTIFIER = com.studeapps.PokemonTests;
				PRODUCT_NAME = "$(TARGET_NAME)";
				SWIFT_OBJC_BRIDGING_HEADER = "";
				SWIFT_VERSION = 5.0;
				TARGETED_DEVICE_FAMILY = "1,2";
				TEST_HOST = "$(BUILT_PRODUCTS_DIR)/Pokemon.app/Pokemon";
			};
			name = Release;
		};
		CA05704226204C0200DE9043 /* Debug */ = {
			isa = XCBuildConfiguration;
			buildSettings = {
				ALWAYS_EMBED_SWIFT_STANDARD_LIBRARIES = YES;
				CODE_SIGN_STYLE = Automatic;
				DEVELOPMENT_TEAM = UW69ZFFDZJ;
				INFOPLIST_FILE = PokemonUITests/Info.plist;
				LD_RUNPATH_SEARCH_PATHS = (
					"$(inherited)",
					"@executable_path/Frameworks",
					"@loader_path/Frameworks",
				);
				PRODUCT_BUNDLE_IDENTIFIER = com.studeapps.PokemonUITests;
				PRODUCT_NAME = "$(TARGET_NAME)";
				SWIFT_VERSION = 5.0;
				TARGETED_DEVICE_FAMILY = "1,2";
				TEST_TARGET_NAME = Pokemon;
			};
			name = Debug;
		};
		CA05704326204C0200DE9043 /* Release */ = {
			isa = XCBuildConfiguration;
			buildSettings = {
				ALWAYS_EMBED_SWIFT_STANDARD_LIBRARIES = YES;
				CODE_SIGN_STYLE = Automatic;
				DEVELOPMENT_TEAM = UW69ZFFDZJ;
				INFOPLIST_FILE = PokemonUITests/Info.plist;
				LD_RUNPATH_SEARCH_PATHS = (
					"$(inherited)",
					"@executable_path/Frameworks",
					"@loader_path/Frameworks",
				);
				PRODUCT_BUNDLE_IDENTIFIER = com.studeapps.PokemonUITests;
				PRODUCT_NAME = "$(TARGET_NAME)";
				SWIFT_VERSION = 5.0;
				TARGETED_DEVICE_FAMILY = "1,2";
				TEST_TARGET_NAME = Pokemon;
			};
			name = Release;
		};
/* End XCBuildConfiguration section */

/* Begin XCConfigurationList section */
		CA05700926204C0000DE9043 /* Build configuration list for PBXProject "Pokemon" */ = {
			isa = XCConfigurationList;
			buildConfigurations = (
				CA05703926204C0200DE9043 /* Debug */,
				CA05703A26204C0200DE9043 /* Release */,
			);
			defaultConfigurationIsVisible = 0;
			defaultConfigurationName = Release;
		};
		CA05703B26204C0200DE9043 /* Build configuration list for PBXNativeTarget "Pokemon" */ = {
			isa = XCConfigurationList;
			buildConfigurations = (
				CA05703C26204C0200DE9043 /* Debug */,
				CA05703D26204C0200DE9043 /* Release */,
			);
			defaultConfigurationIsVisible = 0;
			defaultConfigurationName = Release;
		};
		CA05703E26204C0200DE9043 /* Build configuration list for PBXNativeTarget "PokemonTests" */ = {
			isa = XCConfigurationList;
			buildConfigurations = (
				CA05703F26204C0200DE9043 /* Debug */,
				CA05704026204C0200DE9043 /* Release */,
			);
			defaultConfigurationIsVisible = 0;
			defaultConfigurationName = Release;
		};
		CA05704126204C0200DE9043 /* Build configuration list for PBXNativeTarget "PokemonUITests" */ = {
			isa = XCConfigurationList;
			buildConfigurations = (
				CA05704226204C0200DE9043 /* Debug */,
				CA05704326204C0200DE9043 /* Release */,
			);
			defaultConfigurationIsVisible = 0;
			defaultConfigurationName = Release;
		};
/* End XCConfigurationList section */

/* Begin XCRemoteSwiftPackageReference section */
		CA0570792620549700DE9043 /* XCRemoteSwiftPackageReference "SDWebImage" */ = {
			isa = XCRemoteSwiftPackageReference;
			repositoryURL = "https://github.com/SDWebImage/SDWebImage";
			requirement = {
				kind = upToNextMajorVersion;
				minimumVersion = 5.11.0;
			};
		};
		CA05707F262054B000DE9043 /* XCRemoteSwiftPackageReference "NetworkManager" */ = {
			isa = XCRemoteSwiftPackageReference;
			repositoryURL = "https://github.com/stevencurtis/NetworkManager";
			requirement = {
				kind = upToNextMajorVersion;
				minimumVersion = 0.2.1;
			};
		};
/* End XCRemoteSwiftPackageReference section */

/* Begin XCSwiftPackageProductDependency section */
		CA05707A2620549700DE9043 /* SDWebImage */ = {
			isa = XCSwiftPackageProductDependency;
			package = CA0570792620549700DE9043 /* XCRemoteSwiftPackageReference "SDWebImage" */;
			productName = SDWebImage;
		};
		CA057080262054B000DE9043 /* NetworkLibrary */ = {
			isa = XCSwiftPackageProductDependency;
			package = CA05707F262054B000DE9043 /* XCRemoteSwiftPackageReference "NetworkManager" */;
			productName = NetworkLibrary;
		};
/* End XCSwiftPackageProductDependency section */

/* Begin XCVersionGroup section */
		CA05701A26204C0000DE9043 /* Pokemon.xcdatamodeld */ = {
			isa = XCVersionGroup;
			children = (
				CA05701B26204C0000DE9043 /* Pokemon.xcdatamodel */,
			);
			currentVersion = CA05701B26204C0000DE9043 /* Pokemon.xcdatamodel */;
			path = Pokemon.xcdatamodeld;
			sourceTree = "<group>";
			versionGroupType = wrapper.xcdatamodel;
		};
/* End XCVersionGroup section */
	};
	rootObject = CA05700626204C0000DE9043 /* Project object */;
}
